{
  "nodes": {
    "crane": {
      "locked": {
        "lastModified": 1750266157,
        "narHash": "sha256-tL42YoNg9y30u7zAqtoGDNdTyXTi8EALDeCB13FtbQA=",
        "owner": "ipetkov",
        "repo": "crane",
        "rev": "e37c943371b73ed87faf33f7583860f81f1d5a48",
        "type": "github"
      },
      "original": {
        "owner": "ipetkov",
        "repo": "crane",
        "type": "github"
      }
    },
    "fenix": {
      "inputs": {
        "nixpkgs": [
          "nixpkgs"
        ],
        "rust-analyzer-src": "rust-analyzer-src"
      },
      "locked": {
        "lastModified": 1753425938,
        "narHash": "sha256-zmFdkhodqdHZnSsWqXkQwhUgqQ+FaPhc4tHvUMnWm18=",
        "owner": "nix-community",
        "repo": "fenix",
        "rev": "a3c87849545a6f4d60ce4a8dbb08da9c009905ac",
        "type": "github"
      },
      "original": {
        "owner": "nix-community",
        "repo": "fenix",
        "type": "github"
      }
    },
    "flake-parts": {
      "inputs": {
        "nixpkgs-lib": "nixpkgs-lib"
      },
      "locked": {
        "lastModified": 1753121425,
        "narHash": "sha256-TVcTNvOeWWk1DXljFxVRp+E0tzG1LhrVjOGGoMHuXio=",
        "owner": "hercules-ci",
        "repo": "flake-parts",
        "rev": "644e0fc48951a860279da645ba77fe4a6e814c5e",
        "type": "github"
      },
      "original": {
        "owner": "hercules-ci",
        "repo": "flake-parts",
        "type": "github"
      }
    },
    "nixpkgs": {
      "locked": {
        "lastModified": 1753250450,
        "narHash": "sha256-i+CQV2rPmP8wHxj0aq4siYyohHwVlsh40kV89f3nw1s=",
        "owner": "nixos",
        "repo": "nixpkgs",
        "rev": "fc02ee70efb805d3b2865908a13ddd4474557ecf",
        "type": "github"
      },
      "original": {
        "owner": "nixos",
        "ref": "nixos-unstable",
        "repo": "nixpkgs",
        "type": "github"
      }
    },
    "nixpkgs-lib": {
      "locked": {
        "lastModified": 1751159883,
        "narHash": "sha256-urW/Ylk9FIfvXfliA1ywh75yszAbiTEVgpPeinFyVZo=",
        "owner": "nix-community",
        "repo": "nixpkgs.lib",
        "rev": "14a40a1d7fb9afa4739275ac642ed7301a9ba1ab",
        "type": "github"
      },
      "original": {
        "owner": "nix-community",
        "repo": "nixpkgs.lib",
        "type": "github"
      }
    },
    "root": {
      "inputs": {
        "fenix": "fenix",
        "flake-parts": "flake-parts",
        "nixpkgs": "nixpkgs",
        "rust-flake": "rust-flake",
        "treefmt-nix": "treefmt-nix"
      }
    },
    "rust-analyzer-src": {
      "flake": false,
      "locked": {
        "lastModified": 1753350080,
        "narHash": "sha256-f5KlFKKTjs1i2ZGUmo+vDXYOzWm7MAML5YSK9OuN/cQ=",
        "owner": "rust-lang",
        "repo": "rust-analyzer",
        "rev": "922e04a134f789737b5b7a954bd62a8f4cbb0e8b",
        "type": "github"
      },
      "original": {
        "owner": "rust-lang",
        "ref": "nightly",
        "repo": "rust-analyzer",
        "type": "github"
      }
    },
    "rust-flake": {
      "inputs": {
        "crane": "crane",
        "nixpkgs": [
          "nixpkgs"
        ],
        "rust-overlay": "rust-overlay"
      },
      "locked": {
        "lastModified": 1753452911,
        "narHash": "sha256-RH4yXESFQlukshBBtYqU6OX4aUjZ9jeoVM10Q3wKHAE=",
        "owner": "juspay",
        "repo": "rust-flake",
        "rev": "4363629e1780acf28556bcdd38e96034a4fa0455",
        "type": "github"
      },
      "original": {
        "owner": "juspay",
        "repo": "rust-flake",
        "type": "github"
      }
    },
    "rust-overlay": {
      "inputs": {
        "nixpkgs": [
          "rust-flake",
          "nixpkgs"
        ]
      },
      "locked": {
        "lastModified": 1751510438,
        "narHash": "sha256-m8PjOoyyCR4nhqtHEBP1tB/jF+gJYYguSZmUmVTEAQE=",
        "owner": "oxalica",
        "repo": "rust-overlay",
        "rev": "7f415261f298656f8164bd636c0dc05af4e95b6b",
        "type": "github"
      },
      "original": {
        "owner": "oxalica",
        "repo": "rust-overlay",
        "type": "github"
      }
    },
    "treefmt-nix": {
      "inputs": {
        "nixpkgs": [
          "nixpkgs"
        ]
      },
      "locked": {
        "lastModified": 1753439394,
        "narHash": "sha256-Bv9h1AJegLI8uAhiJ1sZ4XAndYxhgf38tMgCQwiEpmc=",
        "owner": "numtide",
        "repo": "treefmt-nix",
        "rev": "2673921c03d6e75fdf4aa93e025772608d1482cf",
        "type": "github"
      },
      "original": {
        "owner": "numtide",
        "repo": "treefmt-nix",
        "type": "github"
      }
    }
  },
  "root": "root",
  "version": 7
}
